# This file was autogenerated by uv via the following command:
#    OpenScience/scripts/ops/compile-engine-locks.sh
aiohappyeyeballs==2.7.1
    # via aiohttp
aiohttp==3.14.3
    # via -r 项目代码/孟德尔随机化/requirements.txt
aiosignal==1.4.0
    # via aiohttp
aliyun-python-sdk-core==2.16.0
    # via
    #   aliyun-python-sdk-kms
    #   oss2
aliyun-python-sdk-kms==2.16.5
    # via oss2
annotated-types==0.8.0
    # via pydantic
anyio==4.14.2
    # via
    #   httpx
    #   openai
    #   starlette
    #   watchfiles
async-timeout==5.0.1
    # via aiohttp
attrs==26.1.0
    # via aiohttp
beautifulsoup4==4.15.0
    # via -r 项目代码/孟德尔随机化/requirements.txt
biopython==1.87
    # via -r 项目代码/孟德尔随机化/requirements.txt
certifi==2026.7.22
    # via
    #   httpcore
    #   httpx
    #   requests
cffi==2.1.0
    # via cryptography
charset-normalizer==3.4.9
    # via
    #   reportlab
    #   requests
click==8.4.2
    # via uvicorn
crcmod==1.7
    # via oss2
cryptography==49.0.0
    # via
    #   --override OpenScience/deploy/specialist-adapter/requirements.txt (with this engine's extras)
    #   -r OpenScience/deploy/specialist-adapter/requirements.txt
    #   aliyun-python-sdk-core
distro==1.9.0
    # via openai
exceptiongroup==1.3.1
    # via
    #   anyio
    #   pytest
fastapi==0.115.0
    # via
    #   --override OpenScience/deploy/specialist-adapter/requirements.txt (with this engine's extras)
    #   -r OpenScience/deploy/specialist-adapter/requirements.txt
    #   -r 项目代码/孟德尔随机化/requirements.txt
frozenlist==1.8.0
    # via
    #   aiohttp
    #   aiosignal
h11==0.16.0
    # via
    #   httpcore
    #   uvicorn
httpcore==1.0.9
    # via httpx
httptools==0.8.0
    # via uvicorn
httpx==0.28.1
    # via openai
idna==3.18
    # via
    #   anyio
    #   httpx
    #   requests
    #   yarl
iniconfig==2.3.0
    # via pytest
jiter==0.16.0
    # via openai
jmespath==0.10.0
    # via aliyun-python-sdk-core
lxml==6.1.1
    # via python-docx
markdown-it-py==4.2.0
    # via rich
mdurl==0.1.2
    # via markdown-it-py
multidict==6.7.1
    # via
    #   aiohttp
    #   yarl
numpy==2.2.6
    # via
    #   -r 项目代码/孟德尔随机化/requirements.txt
    #   biopython
    #   pandas
openai==2.50.0
    # via -r 项目代码/孟德尔随机化/requirements.txt
oss2==2.19.1
    # via -r 项目代码/孟德尔随机化/requirements.txt
packaging==26.2
    # via pytest
pandas==2.3.3
    # via -r 项目代码/孟德尔随机化/requirements.txt
pillow==12.3.0
    # via reportlab
pluggy==1.6.0
    # via pytest
propcache==0.5.2
    # via
    #   aiohttp
    #   yarl
pycparser==3.0
    # via cffi
pycryptodome==3.23.0
    # via oss2
pydantic==2.12.5
    # via
    #   --override OpenScience/deploy/specialist-adapter/requirements.txt (with this engine's extras)
    #   -r OpenScience/deploy/specialist-adapter/requirements.txt
    #   -r 项目代码/孟德尔随机化/requirements.txt
    #   fastapi
    #   openai
pydantic-core==2.41.5
    # via pydantic
pygments==2.20.0
    # via
    #   pytest
    #   rich
pypdf2==3.0.1
    # via -r 项目代码/孟德尔随机化/requirements.txt
pytest==9.1.1
    # via -r 项目代码/孟德尔随机化/requirements.txt
python-dateutil==2.9.0.post0
    # via pandas
python-docx==1.2.0
    # via -r 项目代码/孟德尔随机化/requirements.txt
python-dotenv==1.2.2
    # via
    #   -r 项目代码/孟德尔随机化/requirements.txt
    #   uvicorn
pytz==2026.4
    # via pandas
pyyaml==6.0.3
    # via uvicorn
reportlab==5.0.0
    # via -r 项目代码/孟德尔随机化/requirements.txt
requests==2.34.2
    # via
    #   -r 项目代码/孟德尔随机化/requirements.txt
    #   oss2
rich==15.0.0
    # via -r 项目代码/孟德尔随机化/requirements.txt
six==1.17.0
    # via
    #   oss2
    #   python-dateutil
sniffio==1.3.1
    # via openai
soupsieve==2.9.1
    # via beautifulsoup4
starlette==0.38.6
    # via
    #   --override OpenScience/deploy/specialist-adapter/requirements.txt (with this engine's extras)
    #   -r OpenScience/deploy/specialist-adapter/requirements.txt
    #   fastapi
tomli==2.4.1
    # via pytest
tqdm==4.70.0
    # via openai
typing-extensions==4.16.0
    # via
    #   aiohttp
    #   aiosignal
    #   anyio
    #   beautifulsoup4
    #   cryptography
    #   exceptiongroup
    #   fastapi
    #   multidict
    #   openai
    #   pydantic
    #   pydantic-core
    #   python-docx
    #   typing-inspection
    #   uvicorn
typing-inspection==0.4.2
    # via pydantic
tzdata==2026.4
    # via pandas
urllib3==2.7.0
    # via requests
uvicorn==0.30.6
    # via
    #   --override OpenScience/deploy/specialist-adapter/requirements.txt (with this engine's extras)
    #   -r OpenScience/deploy/specialist-adapter/requirements.txt
    #   -r 项目代码/孟德尔随机化/requirements.txt
uvloop==0.22.1
    # via uvicorn
watchfiles==1.2.0
    # via uvicorn
websockets==16.1.1
    # via
    #   -r 项目代码/孟德尔随机化/requirements.txt
    #   uvicorn
yarl==1.24.5
    # via aiohttp
