{
  "rVersion": "4.3.3",
  "library": "/home/coder/R/vcr-4.3",
  "packages": [
    {
      "package": "jsonlite",
      "version": "2.0.0"
    },
    {
      "package": "digest",
      "version": "0.6.39"
    },
    {
      "package": "mvtnorm",
      "version": "1.4-2"
    },
    {
      "package": "data.table",
      "version": "1.18.6.1"
    },
    {
      "package": "rpact",
      "version": "4.4.0"
    },
    {
      "package": "gsDesign",
      "version": "3.11.0"
    },
    {
      "package": "survRM2",
      "version": "1.0-4"
    },
    {
      "package": "flexsurv",
      "version": "2.3.2"
    },
    {
      "package": "WeightIt",
      "version": "2.0.0"
    },
    {
      "package": "MatchIt",
      "version": "4.8.1"
    },
    {
      "package": "cobalt",
      "version": "5.0.0"
    },
    {
      "package": "metafor",
      "version": "5.2-1"
    },
    {
      "package": "RBesT",
      "version": "1.12-0"
    },
    {
      "package": "synthpop",
      "version": "1.9-3"
    },
    {
      "package": "simsurv",
      "version": "1.0.1"
    },
    {
      "package": "EValue",
      "version": "4.1.4"
    },
    {
      "package": "survival",
      "version": "3.5-8"
    },
    {
      "package": "parallel",
      "version": "4.3.3"
    },
    {
      "package": "stats",
      "version": "4.3.3"
    },
    {
      "package": "utils",
      "version": "4.3.3"
    },
    {
      "package": "tools",
      "version": "4.3.3"
    }
  ]
}
